Microsoft Visual Studio Solution File, Format Version 12.00
# Visual Studio Version 17
VisualStudioVersion = 17.13.35931.197
MinimumVisualStudioVersion = 10.0.40219.1
Project("{FAE04EC0-301F-11D3-BF4B-00C04F79EFBC}") = "Todo_API", "Todo_API\Todo_API.csproj", "{983688E1-C617-4F6C-BCC6-9923271A78A7}"
EndProject
Global
	GlobalSection(SolutionConfigurationPlatforms) = preSolution
		Debug|Any CPU = Debug|Any CPU
		Release|Any CPU = Release|Any CPU
	EndGlobalSection
	GlobalSection(ProjectConfigurationPlatforms) = postSolution
		{983688E1-C617-4F6C-BCC6-9923271A78A7}.Debug|Any CPU.ActiveCfg = Debug|Any CPU
		{983688E1-C617-4F6C-BCC6-9923271A78A7}.Debug|Any CPU.Build.0 = Debug|Any CPU
		{983688E1-C617-4F6C-BCC6-9923271A78A7}.Release|Any CPU.ActiveCfg = Release|Any CPU
		{983688E1-C617-4F6C-BCC6-9923271A78A7}.Release|Any CPU.Build.0 = Release|Any CPU
	EndGlobalSection
	GlobalSection(SolutionProperties) = preSolution
		HideSolutionNode = FALSE
	EndGlobalSection
	GlobalSection(ExtensibilityGlobals) = postSolution
		SolutionGuid = {4903A69F-8114-4622-8BC6-F1AFA802314F}
	EndGlobalSection
EndGlobal
